// !$*UTF8*$!
{
	archiveVersion = 1;
	classes = {
	};
	objectVersion = 55;
	objects = {

/* Begin PBXBuildFile section */
		9B27F7B127BF2DD1009588F6 /* PoseMeApp.swift in Sources */ = {isa = PBXBuildFile; fileRef = 9B27F7B027BF2DD1009588F6 /* PoseMeApp.swift */; };
		9B27F7B527BF2DD3009588F6 /* Assets.xcassets in Resources */ = {isa = PBXBuildFile; fileRef = 9B27F7B427BF2DD3009588F6 /* Assets.xcassets */; };
		9B27F7B827BF2DD3009588F6 /* Preview Assets.xcassets in Resources */ = {isa = PBXBuildFile; fileRef = 9B27F7B727BF2DD3009588F6 /* Preview Assets.xcassets */; };
		9B7FF2EC27BF328100A65962 /* CameraError.swift in Sources */ = {isa = PBXBuildFile; fileRef = 9B7FF2EB27BF328100A65962 /* CameraError.swift */; };
		9B7FF2EE27BF32B100A65962 /* CameraManager.swift in Sources */ = {isa = PBXBuildFile; fileRef = 9B7FF2ED27BF32B100A65962 /* CameraManager.swift */; };
		9B7FF2F027BF32D200A65962 /* FrameManager.swift in Sources */ = {isa = PBXBuildFile; fileRef = 9B7FF2EF27BF32D200A65962 /* FrameManager.swift */; };
		9B7FF2F327BF330A00A65962 /* CGImageExtension.swift in Sources */ = {isa = PBXBuildFile; fileRef = 9B7FF2F227BF330A00A65962 /* CGImageExtension.swift */; };
		9B7FF2F627BF334700A65962 /* CaptureViewModel.swift in Sources */ = {isa = PBXBuildFile; fileRef = 9B7FF2F527BF334700A65962 /* CaptureViewModel.swift */; };
		9B7FF2F927BF337E00A65962 /* CaptureView.swift in Sources */ = {isa = PBXBuildFile; fileRef = 9B7FF2F827BF337E00A65962 /* CaptureView.swift */; };
		9B7FF2FD27BF33B100A65962 /* ErrorView.swift in Sources */ = {isa = PBXBuildFile; fileRef = 9B7FF2FC27BF33B100A65962 /* ErrorView.swift */; };
		9B7FF2FF27BF33D200A65962 /* FrameView.swift in Sources */ = {isa = PBXBuildFile; fileRef = 9B7FF2FE27BF33D200A65962 /* FrameView.swift */; };
		9B7FF30327BF34F900A65962 /* MainView.swift in Sources */ = {isa = PBXBuildFile; fileRef = 9B7FF30227BF34F900A65962 /* MainView.swift */; };
		9B7FF30727BF352900A65962 /* CatalogView.swift in Sources */ = {isa = PBXBuildFile; fileRef = 9B7FF30627BF352900A65962 /* CatalogView.swift */; };
		9B7FF30927BF508B00A65962 /* ControlView.swift in Sources */ = {isa = PBXBuildFile; fileRef = 9B7FF30827BF508B00A65962 /* ControlView.swift */; };
		9B7FF30C27BF511100A65962 /* ToggleButton.swift in Sources */ = {isa = PBXBuildFile; fileRef = 9B7FF30B27BF511100A65962 /* ToggleButton.swift */; };
		9B7FF31127C0CB7B00A65962 /* PoseDetection.swift in Sources */ = {isa = PBXBuildFile; fileRef = 9B7FF31027C0CB7B00A65962 /* PoseDetection.swift */; };
		9B7FF31327C0D02000A65962 /* PosePointDrawing.swift in Sources */ = {isa = PBXBuildFile; fileRef = 9B7FF31227C0D02000A65962 /* PosePointDrawing.swift */; };
		9B7FF31527C0D3B600A65962 /* PosesView.swift in Sources */ = {isa = PBXBuildFile; fileRef = 9B7FF31427C0D3B600A65962 /* PosesView.swift */; };
		9B7FF31727C0D3C600A65962 /* PoseItemView.swift in Sources */ = {isa = PBXBuildFile; fileRef = 9B7FF31627C0D3C600A65962 /* PoseItemView.swift */; };
		9B7FF31927C0D92300A65962 /* PoseItemDetailView.swift in Sources */ = {isa = PBXBuildFile; fileRef = 9B7FF31827C0D92300A65962 /* PoseItemDetailView.swift */; };
		9B7FF31C27C0DA8700A65962 /* PoseItem.swift in Sources */ = {isa = PBXBuildFile; fileRef = 9B7FF31B27C0DA8700A65962 /* PoseItem.swift */; };
		9B7FF31E27C0E11700A65962 /* PoseItems.swift in Sources */ = {isa = PBXBuildFile; fileRef = 9B7FF31D27C0E11700A65962 /* PoseItems.swift */; };
/* End PBXBuildFile section */

/* Begin PBXFileReference section */
		9B27F7AD27BF2DD1009588F6 /* PoseMe.app */ = {isa = PBXFileReference; explicitFileType = wrapper.application; includeInIndex = 0; path = PoseMe.app; sourceTree = BUILT_PRODUCTS_DIR; };
		9B27F7B027BF2DD1009588F6 /* PoseMeApp.swift */ = {isa = PBXFileReference; lastKnownFileType = sourcecode.swift; path = PoseMeApp.swift; sourceTree = "<group>"; };
		9B27F7B427BF2DD3009588F6 /* Assets.xcassets */ = {isa = PBXFileReference; lastKnownFileType = folder.assetcatalog; path = Assets.xcassets; sourceTree = "<group>"; };
		9B27F7B727BF2DD3009588F6 /* Preview Assets.xcassets */ = {isa = PBXFileReference; lastKnownFileType = folder.assetcatalog; path = "Preview Assets.xcassets"; sourceTree = "<group>"; };
		9B6BA86D27BF2E9E007C2208 /* Info.plist */ = {isa = PBXFileReference; fileEncoding = 4; lastKnownFileType = text.plist.xml; path = Info.plist; sourceTree = "<group>"; };
		9B7FF2EB27BF328100A65962 /* CameraError.swift */ = {isa = PBXFileReference; lastKnownFileType = sourcecode.swift; path = CameraError.swift; sourceTree = "<group>"; };
		9B7FF2ED27BF32B100A65962 /* CameraManager.swift */ = {isa = PBXFileReference; lastKnownFileType = sourcecode.swift; path = CameraManager.swift; sourceTree = "<group>"; };
		9B7FF2EF27BF32D200A65962 /* FrameManager.swift */ = {isa = PBXFileReference; lastKnownFileType = sourcecode.swift; path = FrameManager.swift; sourceTree = "<group>"; };
		9B7FF2F227BF330A00A65962 /* CGImageExtension.swift */ = {isa = PBXFileReference; lastKnownFileType = sourcecode.swift; path = CGImageExtension.swift; sourceTree = "<group>"; };
		9B7FF2F527BF334700A65962 /* CaptureViewModel.swift */ = {isa = PBXFileReference; lastKnownFileType = sourcecode.swift; path = CaptureViewModel.swift; sourceTree = "<group>"; };
		9B7FF2F827BF337E00A65962 /* CaptureView.swift */ = {isa = PBXFileReference; lastKnownFileType = sourcecode.swift; path = CaptureView.swift; sourceTree = "<group>"; };
		9B7FF2FC27BF33B100A65962 /* ErrorView.swift */ = {isa = PBXFileReference; lastKnownFileType = sourcecode.swift; path = ErrorView.swift; sourceTree = "<group>"; };
		9B7FF2FE27BF33D200A65962 /* FrameView.swift */ = {isa = PBXFileReference; lastKnownFileType = sourcecode.swift; path = FrameView.swift; sourceTree = "<group>"; };
		9B7FF30227BF34F900A65962 /* MainView.swift */ = {isa = PBXFileReference; lastKnownFileType = sourcecode.swift; path = MainView.swift; sourceTree = "<group>"; };
		9B7FF30627BF352900A65962 /* CatalogView.swift */ = {isa = PBXFileReference; lastKnownFileType = sourcecode.swift; path = CatalogView.swift; sourceTree = "<group>"; };
		9B7FF30827BF508B00A65962 /* ControlView.swift */ = {isa = PBXFileReference; lastKnownFileType = sourcecode.swift; path = ControlView.swift; sourceTree = "<group>"; };
		9B7FF30B27BF511100A65962 /* ToggleButton.swift */ = {isa = PBXFileReference; lastKnownFileType = sourcecode.swift; path = ToggleButton.swift; sourceTree = "<group>"; };
		9B7FF31027C0CB7B00A65962 /* PoseDetection.swift */ = {isa = PBXFileReference; lastKnownFileType = sourcecode.swift; path = PoseDetection.swift; sourceTree = "<group>"; };
		9B7FF31227C0D02000A65962 /* PosePointDrawing.swift */ = {isa = PBXFileReference; lastKnownFileType = sourcecode.swift; path = PosePointDrawing.swift; sourceTree = "<group>"; };
		9B7FF31427C0D3B600A65962 /* PosesView.swift */ = {isa = PBXFileReference; lastKnownFileType = sourcecode.swift; path = PosesView.swift; sourceTree = "<group>"; };
		9B7FF31627C0D3C600A65962 /* PoseItemView.swift */ = {isa = PBXFileReference; lastKnownFileType = sourcecode.swift; path = PoseItemView.swift; sourceTree = "<group>"; };
		9B7FF31827C0D92300A65962 /* PoseItemDetailView.swift */ = {isa = PBXFileReference; lastKnownFileType = sourcecode.swift; path = PoseItemDetailView.swift; sourceTree = "<group>"; };
		9B7FF31B27C0DA8700A65962 /* PoseItem.swift */ = {isa = PBXFileReference; lastKnownFileType = sourcecode.swift; path = PoseItem.swift; sourceTree = "<group>"; };
		9B7FF31D27C0E11700A65962 /* PoseItems.swift */ = {isa = PBXFileReference; lastKnownFileType = sourcecode.swift; path = PoseItems.swift; sourceTree = "<group>"; };
/* End PBXFileReference section */

/* Begin PBXFrameworksBuildPhase section */
		9B27F7AA27BF2DD1009588F6 /* Frameworks */ = {
			isa = PBXFrameworksBuildPhase;
			buildActionMask = 2147483647;
			files = (
			);
			runOnlyForDeploymentPostprocessing = 0;
		};
/* End PBXFrameworksBuildPhase section */

/* Begin PBXGroup section */
		9B27F7A427BF2DD1009588F6 = {
			isa = PBXGroup;
			children = (
				9B27F7AF27BF2DD1009588F6 /* PoseMe */,
				9B27F7AE27BF2DD1009588F6 /* Products */,
			);
			sourceTree = "<group>";
		};
		9B27F7AE27BF2DD1009588F6 /* Products */ = {
			isa = PBXGroup;
			children = (
				9B27F7AD27BF2DD1009588F6 /* PoseMe.app */,
			);
			name = Products;
			sourceTree = "<group>";
		};
		9B27F7AF27BF2DD1009588F6 /* PoseMe */ = {
			isa = PBXGroup;
			children = (
				9B7FF31A27C0DA6600A65962 /* Models */,
				9B7FF30D27C0CB4C00A65962 /* PoseDetection */,
				9B7FF2F727BF335D00A65962 /* Views */,
				9B7FF2F427BF333200A65962 /* ViewModels */,
				9B7FF2F127BF32F100A65962 /* Extensions */,
				9B7FF2EA27BF326D00A65962 /* Camera */,
				9B6BA86D27BF2E9E007C2208 /* Info.plist */,
				9B27F7B027BF2DD1009588F6 /* PoseMeApp.swift */,
				9B27F7B427BF2DD3009588F6 /* Assets.xcassets */,
				9B27F7B627BF2DD3009588F6 /* Preview Content */,
			);
			path = PoseMe;
			sourceTree = "<group>";
		};
		9B27F7B627BF2DD3009588F6 /* Preview Content */ = {
			isa = PBXGroup;
			children = (
				9B27F7B727BF2DD3009588F6 /* Preview Assets.xcassets */,
			);
			path = "Preview Content";
			sourceTree = "<group>";
		};
		9B7FF2EA27BF326D00A65962 /* Camera */ = {
			isa = PBXGroup;
			children = (
				9B7FF2EB27BF328100A65962 /* CameraError.swift */,
				9B7FF2ED27BF32B100A65962 /* CameraManager.swift */,
				9B7FF2EF27BF32D200A65962 /* FrameManager.swift */,
			);
			path = Camera;
			sourceTree = "<group>";
		};
		9B7FF2F127BF32F100A65962 /* Extensions */ = {
			isa = PBXGroup;
			children = (
				9B7FF2F227BF330A00A65962 /* CGImageExtension.swift */,
			);
			path = Extensions;
			sourceTree = "<group>";
		};
		9B7FF2F427BF333200A65962 /* ViewModels */ = {
			isa = PBXGroup;
			children = (
				9B7FF2F527BF334700A65962 /* CaptureViewModel.swift */,
			);
			path = ViewModels;
			sourceTree = "<group>";
		};
		9B7FF2F727BF335D00A65962 /* Views */ = {
			isa = PBXGroup;
			children = (
				9B7FF30527BF351900A65962 /* Catalog */,
				9B7FF30427BF350600A65962 /* Capture */,
				9B7FF30227BF34F900A65962 /* MainView.swift */,
			);
			path = Views;
			sourceTree = "<group>";
		};
		9B7FF30427BF350600A65962 /* Capture */ = {
			isa = PBXGroup;
			children = (
				9B7FF30A27BF50EE00A65962 /* Control */,
				9B7FF2FE27BF33D200A65962 /* FrameView.swift */,
				9B7FF2FC27BF33B100A65962 /* ErrorView.swift */,
				9B7FF2F827BF337E00A65962 /* CaptureView.swift */,
			);
			path = Capture;
			sourceTree = "<group>";
		};
		9B7FF30527BF351900A65962 /* Catalog */ = {
			isa = PBXGroup;
			children = (
				9B7FF30627BF352900A65962 /* CatalogView.swift */,
				9B7FF31427C0D3B600A65962 /* PosesView.swift */,
				9B7FF31627C0D3C600A65962 /* PoseItemView.swift */,
				9B7FF31827C0D92300A65962 /* PoseItemDetailView.swift */,
			);
			path = Catalog;
			sourceTree = "<group>";
		};
		9B7FF30A27BF50EE00A65962 /* Control */ = {
			isa = PBXGroup;
			children = (
				9B7FF30827BF508B00A65962 /* ControlView.swift */,
				9B7FF30B27BF511100A65962 /* ToggleButton.swift */,
			);
			path = Control;
			sourceTree = "<group>";
		};
		9B7FF30D27C0CB4C00A65962 /* PoseDetection */ = {
			isa = PBXGroup;
			children = (
				9B7FF31027C0CB7B00A65962 /* PoseDetection.swift */,
				9B7FF31227C0D02000A65962 /* PosePointDrawing.swift */,
			);
			path = PoseDetection;
			sourceTree = "<group>";
		};
		9B7FF31A27C0DA6600A65962 /* Models */ = {
			isa = PBXGroup;
			children = (
				9B7FF31B27C0DA8700A65962 /* PoseItem.swift */,
				9B7FF31D27C0E11700A65962 /* PoseItems.swift */,
			);
			path = Models;
			sourceTree = "<group>";
		};
/* End PBXGroup section */

/* Begin PBXNativeTarget section */
		9B27F7AC27BF2DD1009588F6 /* PoseMe */ = {
			isa = PBXNativeTarget;
			buildConfigurationList = 9B27F7BB27BF2DD3009588F6 /* Build configuration list for PBXNativeTarget "PoseMe" */;
			buildPhases = (
				9B27F7A927BF2DD1009588F6 /* Sources */,
				9B27F7AA27BF2DD1009588F6 /* Frameworks */,
				9B27F7AB27BF2DD1009588F6 /* Resources */,
			);
			buildRules = (
			);
			dependencies = (
			);
			name = PoseMe;
			productName = PoseMe;
			productReference = 9B27F7AD27BF2DD1009588F6 /* PoseMe.app */;
			productType = "com.apple.product-type.application";
		};
/* End PBXNativeTarget section */

/* Begin PBXProject section */
		9B27F7A527BF2DD1009588F6 /* Project object */ = {
			isa = PBXProject;
			attributes = {
				BuildIndependentTargetsInParallel = 1;
				LastSwiftUpdateCheck = 1320;
				LastUpgradeCheck = 1320;
				TargetAttributes = {
					9B27F7AC27BF2DD1009588F6 = {
						CreatedOnToolsVersion = 13.2.1;
					};
				};
			};
			buildConfigurationList = 9B27F7A827BF2DD1009588F6 /* Build configuration list for PBXProject "PoseMe" */;
			compatibilityVersion = "Xcode 13.0";
			developmentRegion = en;
			hasScannedForEncodings = 0;
			knownRegions = (
				en,
				Base,
			);
			mainGroup = 9B27F7A427BF2DD1009588F6;
			productRefGroup = 9B27F7AE27BF2DD1009588F6 /* Products */;
			projectDirPath = "";
			projectRoot = "";
			targets = (
				9B27F7AC27BF2DD1009588F6 /* PoseMe */,
			);
		};
/* End PBXProject section */

/* Begin PBXResourcesBuildPhase section */
		9B27F7AB27BF2DD1009588F6 /* Resources */ = {
			isa = PBXResourcesBuildPhase;
			buildActionMask = 2147483647;
			files = (
				9B27F7B827BF2DD3009588F6 /* Preview Assets.xcassets in Resources */,
				9B27F7B527BF2DD3009588F6 /* Assets.xcassets in Resources */,
			);
			runOnlyForDeploymentPostprocessing = 0;
		};
/* End PBXResourcesBuildPhase section */

/* Begin PBXSourcesBuildPhase section */
		9B27F7A927BF2DD1009588F6 /* Sources */ = {
			isa = PBXSourcesBuildPhase;
			buildActionMask = 2147483647;
			files = (
				9B7FF30727BF352900A65962 /* CatalogView.swift in Sources */,
				9B7FF30327BF34F900A65962 /* MainView.swift in Sources */,
				9B27F7B127BF2DD1009588F6 /* PoseMeApp.swift in Sources */,
				9B7FF31927C0D92300A65962 /* PoseItemDetailView.swift in Sources */,
				9B7FF31327C0D02000A65962 /* PosePointDrawing.swift in Sources */,
				9B7FF30C27BF511100A65962 /* ToggleButton.swift in Sources */,
				9B7FF31C27C0DA8700A65962 /* PoseItem.swift in Sources */,
				9B7FF31127C0CB7B00A65962 /* PoseDetection.swift in Sources */,
				9B7FF2F327BF330A00A65962 /* CGImageExtension.swift in Sources */,
				9B7FF30927BF508B00A65962 /* ControlView.swift in Sources */,
				9B7FF2F927BF337E00A65962 /* CaptureView.swift in Sources */,
				9B7FF2F627BF334700A65962 /* CaptureViewModel.swift in Sources */,
				9B7FF2EE27BF32B100A65962 /* CameraManager.swift in Sources */,
				9B7FF2EC27BF328100A65962 /* CameraError.swift in Sources */,
				9B7FF2FD27BF33B100A65962 /* ErrorView.swift in Sources */,
				9B7FF2FF27BF33D200A65962 /* FrameView.swift in Sources */,
				9B7FF31727C0D3C600A65962 /* PoseItemView.swift in Sources */,
				9B7FF2F027BF32D200A65962 /* FrameManager.swift in Sources */,
				9B7FF31527C0D3B600A65962 /* PosesView.swift in Sources */,
				9B7FF31E27C0E11700A65962 /* PoseItems.swift in Sources */,
			);
			runOnlyForDeploymentPostprocessing = 0;
		};
/* End PBXSourcesBuildPhase section */

/* Begin XCBuildConfiguration section */
		9B27F7B927BF2DD3009588F6 /* Debug */ = {
			isa = XCBuildConfiguration;
			buildSettings = {
				ALWAYS_SEARCH_USER_PATHS = NO;
				CLANG_ANALYZER_NONNULL = YES;
				CLANG_ANALYZER_NUMBER_OBJECT_CONVERSION = YES_AGGRESSIVE;
				CLANG_CXX_LANGUAGE_STANDARD = "gnu++17";
				CLANG_CXX_LIBRARY = "libc++";
				CLANG_ENABLE_MODULES = YES;
				CLANG_ENABLE_OBJC_ARC = YES;
				CLANG_ENABLE_OBJC_WEAK = YES;
				CLANG_WARN_BLOCK_CAPTURE_AUTORELEASING = YES;
				CLANG_WARN_BOOL_CONVERSION = YES;
				CLANG_WARN_COMMA = YES;
				CLANG_WARN_CONSTANT_CONVERSION = YES;
				CLANG_WARN_DEPRECATED_OBJC_IMPLEMENTATIONS = YES;
				CLANG_WARN_DIRECT_OBJC_ISA_USAGE = YES_ERROR;
				CLANG_WARN_DOCUMENTATION_COMMENTS = YES;
				CLANG_WARN_EMPTY_BODY = YES;
				CLANG_WARN_ENUM_CONVERSION = YES;
				CLANG_WARN_INFINITE_RECURSION = YES;
				CLANG_WARN_INT_CONVERSION = YES;
				CLANG_WARN_NON_LITERAL_NULL_CONVERSION = YES;
				CLANG_WARN_OBJC_IMPLICIT_RETAIN_SELF = YES;
				CLANG_WARN_OBJC_LITERAL_CONVERSION = YES;
				CLANG_WARN_OBJC_ROOT_CLASS = YES_ERROR;
				CLANG_WARN_QUOTED_INCLUDE_IN_FRAMEWORK_HEADER = YES;
				CLANG_WARN_RANGE_LOOP_ANALYSIS = YES;
				CLANG_WARN_STRICT_PROTOTYPES = YES;
				CLANG_WARN_SUSPICIOUS_MOVE = YES;
				CLANG_WARN_UNGUARDED_AVAILABILITY = YES_AGGRESSIVE;
				CLANG_WARN_UNREACHABLE_CODE = YES;
				CLANG_WARN__DUPLICATE_METHOD_MATCH = YES;
				COPY_PHASE_STRIP = NO;
				DEBUG_INFORMATION_FORMAT = dwarf;
				ENABLE_STRICT_OBJC_MSGSEND = YES;
				ENABLE_TESTABILITY = YES;
				GCC_C_LANGUAGE_STANDARD = gnu11;
				GCC_DYNAMIC_NO_PIC = NO;
				GCC_NO_COMMON_BLOCKS = YES;
				GCC_OPTIMIZATION_LEVEL = 0;
				GCC_PREPROCESSOR_DEFINITIONS = (
					"DEBUG=1",
					"$(inherited)",
				);
				GCC_WARN_64_TO_32_BIT_CONVERSION = YES;
				GCC_WARN_ABOUT_RETURN_TYPE = YES_ERROR;
				GCC_WARN_UNDECLARED_SELECTOR = YES;
				GCC_WARN_UNINITIALIZED_AUTOS = YES_AGGRESSIVE;
				GCC_WARN_UNUSED_FUNCTION = YES;
				GCC_WARN_UNUSED_VARIABLE = YES;
				IPHONEOS_DEPLOYMENT_TARGET = 15.2;
				MTL_ENABLE_DEBUG_INFO = INCLUDE_SOURCE;
				MTL_FAST_MATH = YES;
				ONLY_ACTIVE_ARCH = YES;
				SDKROOT = iphoneos;
				SWIFT_ACTIVE_COMPILATION_CONDITIONS = DEBUG;
				SWIFT_OPTIMIZATION_LEVEL = "-Onone";
			};
			name = Debug;
		};
		9B27F7BA27BF2DD3009588F6 /* Release */ = {
			isa = XCBuildConfiguration;
			buildSettings = {
				ALWAYS_SEARCH_USER_PATHS = NO;
				CLANG_ANALYZER_NONNULL = YES;
				CLANG_ANALYZER_NUMBER_OBJECT_CONVERSION = YES_AGGRESSIVE;
				CLANG_CXX_LANGUAGE_STANDARD = "gnu++17";
				CLANG_CXX_LIBRARY = "libc++";
				CLANG_ENABLE_MODULES = YES;
				CLANG_ENABLE_OBJC_ARC = YES;
				CLANG_ENABLE_OBJC_WEAK = YES;
				CLANG_WARN_BLOCK_CAPTURE_AUTORELEASING = YES;
				CLANG_WARN_BOOL_CONVERSION = YES;
				CLANG_WARN_COMMA = YES;
				CLANG_WARN_CONSTANT_CONVERSION = YES;
				CLANG_WARN_DEPRECATED_OBJC_IMPLEMENTATIONS = YES;
				CLANG_WARN_DIRECT_OBJC_ISA_USAGE = YES_ERROR;
				CLANG_WARN_DOCUMENTATION_COMMENTS = YES;
				CLANG_WARN_EMPTY_BODY = YES;
				CLANG_WARN_ENUM_CONVERSION = YES;
				CLANG_WARN_INFINITE_RECURSION = YES;
				CLANG_WARN_INT_CONVERSION = YES;
				CLANG_WARN_NON_LITERAL_NULL_CONVERSION = YES;
				CLANG_WARN_OBJC_IMPLICIT_RETAIN_SELF = YES;
				CLANG_WARN_OBJC_LITERAL_CONVERSION = YES;
				CLANG_WARN_OBJC_ROOT_CLASS = YES_ERROR;
				CLANG_WARN_QUOTED_INCLUDE_IN_FRAMEWORK_HEADER = YES;
				CLANG_WARN_RANGE_LOOP_ANALYSIS = YES;
				CLANG_WARN_STRICT_PROTOTYPES = YES;
				CLANG_WARN_SUSPICIOUS_MOVE = YES;
				CLANG_WARN_UNGUARDED_AVAILABILITY = YES_AGGRESSIVE;
				CLANG_WARN_UNREACHABLE_CODE = YES;
				CLANG_WARN__DUPLICATE_METHOD_MATCH = YES;
				COPY_PHASE_STRIP = NO;
				DEBUG_INFORMATION_FORMAT = "dwarf-with-dsym";
				ENABLE_NS_ASSERTIONS = NO;
				ENABLE_STRICT_OBJC_MSGSEND = YES;
				GCC_C_LANGUAGE_STANDARD = gnu11;
				GCC_NO_COMMON_BLOCKS = YES;
				GCC_WARN_64_TO_32_BIT_CONVERSION = YES;
				GCC_WARN_ABOUT_RETURN_TYPE = YES_ERROR;
				GCC_WARN_UNDECLARED_SELECTOR = YES;
				GCC_WARN_UNINITIALIZED_AUTOS = YES_AGGRESSIVE;
				GCC_WARN_UNUSED_FUNCTION = YES;
				GCC_WARN_UNUSED_VARIABLE = YES;
				IPHONEOS_DEPLOYMENT_TARGET = 15.2;
				MTL_ENABLE_DEBUG_INFO = NO;
				MTL_FAST_MATH = YES;
				SDKROOT = iphoneos;
				SWIFT_COMPILATION_MODE = wholemodule;
				SWIFT_OPTIMIZATION_LEVEL = "-O";
				VALIDATE_PRODUCT = YES;
			};
			name = Release;
		};
		9B27F7BC27BF2DD3009588F6 /* Debug */ = {
			isa = XCBuildConfiguration;
			buildSettings = {
				ASSETCATALOG_COMPILER_APPICON_NAME = AppIcon;
				ASSETCATALOG_COMPILER_GLOBAL_ACCENT_COLOR_NAME = AccentColor;
				CODE_SIGN_STYLE = Automatic;
				CURRENT_PROJECT_VERSION = 1;
				DEVELOPMENT_ASSET_PATHS = "\"PoseMe/Preview Content\"";
				DEVELOPMENT_TEAM = 8QAU9CM882;
				ENABLE_PREVIEWS = YES;
				GENERATE_INFOPLIST_FILE = NO;
				INFOPLIST_FILE = "$(SRCROOT)/PoseMe/Info.plist";
				INFOPLIST_KEY_UIApplicationSceneManifest_Generation = YES;
				INFOPLIST_KEY_UIApplicationSupportsIndirectInputEvents = YES;
				INFOPLIST_KEY_UILaunchScreen_Generation = YES;
				INFOPLIST_KEY_UISupportedInterfaceOrientations_iPad = "UIInterfaceOrientationPortrait UIInterfaceOrientationPortraitUpsideDown UIInterfaceOrientationLandscapeLeft UIInterfaceOrientationLandscapeRight";
				INFOPLIST_KEY_UISupportedInterfaceOrientations_iPhone = "UIInterfaceOrientationPortrait UIInterfaceOrientationLandscapeLeft UIInterfaceOrientationLandscapeRight";
				LD_RUNPATH_SEARCH_PATHS = (
					"$(inherited)",
					"@executable_path/Frameworks",
				);
				MARKETING_VERSION = 1.0;
				PRODUCT_BUNDLE_IDENTIFIER = com.dante.PoseMe;
				PRODUCT_NAME = "$(TARGET_NAME)";
				SWIFT_EMIT_LOC_STRINGS = YES;
				SWIFT_VERSION = 5.0;
				TARGETED_DEVICE_FAMILY = "1,2";
			};
			name = Debug;
		};
		9B27F7BD27BF2DD3009588F6 /* Release */ = {
			isa = XCBuildConfiguration;
			buildSettings = {
				ASSETCATALOG_COMPILER_APPICON_NAME = AppIcon;
				ASSETCATALOG_COMPILER_GLOBAL_ACCENT_COLOR_NAME = AccentColor;
				CODE_SIGN_STYLE = Automatic;
				CURRENT_PROJECT_VERSION = 1;
				DEVELOPMENT_ASSET_PATHS = "\"PoseMe/Preview Content\"";
				DEVELOPMENT_TEAM = 8QAU9CM882;
				ENABLE_PREVIEWS = YES;
				GENERATE_INFOPLIST_FILE = NO;
				INFOPLIST_FILE = "$(SRCROOT)/PoseMe/Info.plist";
				INFOPLIST_KEY_UIApplicationSceneManifest_Generation = YES;
				INFOPLIST_KEY_UIApplicationSupportsIndirectInputEvents = YES;
				INFOPLIST_KEY_UILaunchScreen_Generation = YES;
				INFOPLIST_KEY_UISupportedInterfaceOrientations_iPad = "UIInterfaceOrientationPortrait UIInterfaceOrientationPortraitUpsideDown UIInterfaceOrientationLandscapeLeft UIInterfaceOrientationLandscapeRight";
				INFOPLIST_KEY_UISupportedInterfaceOrientations_iPhone = "UIInterfaceOrientationPortrait UIInterfaceOrientationLandscapeLeft UIInterfaceOrientationLandscapeRight";
				LD_RUNPATH_SEARCH_PATHS = (
					"$(inherited)",
					"@executable_path/Frameworks",
				);
				MARKETING_VERSION = 1.0;
				PRODUCT_BUNDLE_IDENTIFIER = com.dante.PoseMe;
				PRODUCT_NAME = "$(TARGET_NAME)";
				SWIFT_EMIT_LOC_STRINGS = YES;
				SWIFT_VERSION = 5.0;
				TARGETED_DEVICE_FAMILY = "1,2";
			};
			name = Release;
		};
/* End XCBuildConfiguration section */

/* Begin XCConfigurationList section */
		9B27F7A827BF2DD1009588F6 /* Build configuration list for PBXProject "PoseMe" */ = {
			isa = XCConfigurationList;
			buildConfigurations = (
				9B27F7B927BF2DD3009588F6 /* Debug */,
				9B27F7BA27BF2DD3009588F6 /* Release */,
			);
			defaultConfigurationIsVisible = 0;
			defaultConfigurationName = Release;
		};
		9B27F7BB27BF2DD3009588F6 /* Build configuration list for PBXNativeTarget "PoseMe" */ = {
			isa = XCConfigurationList;
			buildConfigurations = (
				9B27F7BC27BF2DD3009588F6 /* Debug */,
				9B27F7BD27BF2DD3009588F6 /* Release */,
			);
			defaultConfigurationIsVisible = 0;
			defaultConfigurationName = Release;
		};
/* End XCConfigurationList section */
	};
	rootObject = 9B27F7A527BF2DD1009588F6 /* Project object */;
}
